// !$*UTF8*$!
{
	archiveVersion = 1;
	classes = {
	};
	objectVersion = 48;
	objects = {

/* Begin PBXBuildFile section */
		572495F21F8B5AEC00C58D42 /* AppDelegate.swift in Sources */ = {isa = PBXBuildFile; fileRef = 572495F11F8B5AEC00C58D42 /* AppDelegate.swift */; };
		572495F41F8B5AEC00C58D42 /* Scene.sks in Resources */ = {isa = PBXBuildFile; fileRef = 572495F31F8B5AEC00C58D42 /* Scene.sks */; };
		572495F61F8B5AEC00C58D42 /* Scene.swift in Sources */ = {isa = PBXBuildFile; fileRef = 572495F51F8B5AEC00C58D42 /* Scene.swift */; };
		572495F81F8B5AEC00C58D42 /* ViewController.swift in Sources */ = {isa = PBXBuildFile; fileRef = 572495F71F8B5AEC00C58D42 /* ViewController.swift */; };
		572495FB1F8B5AEC00C58D42 /* Main.storyboard in Resources */ = {isa = PBXBuildFile; fileRef = 572495F91F8B5AEC00C58D42 /* Main.storyboard */; };
		572495FD1F8B5AEC00C58D42 /* Assets.xcassets in Resources */ = {isa = PBXBuildFile; fileRef = 572495FC1F8B5AEC00C58D42 /* Assets.xcassets */; };
		572496001F8B5AEC00C58D42 /* LaunchScreen.storyboard in Resources */ = {isa = PBXBuildFile; fileRef = 572495FE1F8B5AEC00C58D42 /* LaunchScreen.storyboard */; };
/* End PBXBuildFile section */

/* Begin PBXFileReference section */
		572495EE1F8B5AEC00C58D42 /* Project2a.app */ = {isa = PBXFileReference; explicitFileType = wrapper.application; includeInIndex = 0; path = Project2a.app; sourceTree = BUILT_PRODUCTS_DIR; };
		572495F11F8B5AEC00C58D42 /* AppDelegate.swift */ = {isa = PBXFileReference; lastKnownFileType = sourcecode.swift; path = AppDelegate.swift; sourceTree = "<group>"; };
		572495F31F8B5AEC00C58D42 /* Scene.sks */ = {isa = PBXFileReference; lastKnownFileType = file.sks; path = Scene.sks; sourceTree = "<group>"; };
		572495F51F8B5AEC00C58D42 /* Scene.swift */ = {isa = PBXFileReference; lastKnownFileType = sourcecode.swift; path = Scene.swift; sourceTree = "<group>"; };
		572495F71F8B5AEC00C58D42 /* ViewController.swift */ = {isa = PBXFileReference; lastKnownFileType = sourcecode.swift; path = ViewController.swift; sourceTree = "<group>"; };
		572495FA1F8B5AEC00C58D42 /* Base */ = {isa = PBXFileReference; lastKnownFileType = file.storyboard; name = Base; path = Base.lproj/Main.storyboard; sourceTree = "<group>"; };
		572495FC1F8B5AEC00C58D42 /* Assets.xcassets */ = {isa = PBXFileReference; lastKnownFileType = folder.assetcatalog; path = Assets.xcassets; sourceTree = "<group>"; };
		572495FF1F8B5AEC00C58D42 /* Base */ = {isa = PBXFileReference; lastKnownFileType = file.storyboard; name = Base; path = Base.lproj/LaunchScreen.storyboard; sourceTree = "<group>"; };
		572496011F8B5AEC00C58D42 /* Info.plist */ = {isa = PBXFileReference; lastKnownFileType = text.plist.xml; path = Info.plist; sourceTree = "<group>"; };
/* End PBXFileReference section */

/* Begin PBXFrameworksBuildPhase section */
		572495EB1F8B5AEC00C58D42 /* Frameworks */ = {
			isa = PBXFrameworksBuildPhase;
			buildActionMask = 2147483647;
			files = (
			);
			runOnlyForDeploymentPostprocessing = 0;
		};
/* End PBXFrameworksBuildPhase section */

/* Begin PBXGroup section */
		572495E51F8B5AEC00C58D42 = {
			isa = PBXGroup;
			children = (
				572495F01F8B5AEC00C58D42 /* Project2a */,
				572495EF1F8B5AEC00C58D42 /* Products */,
			);
			sourceTree = "<group>";
		};
		572495EF1F8B5AEC00C58D42 /* Products */ = {
			isa = PBXGroup;
			children = (
				572495EE1F8B5AEC00C58D42 /* Project2a.app */,
			);
			name = Products;
			sourceTree = "<group>";
		};
		572495F01F8B5AEC00C58D42 /* Project2a */ = {
			isa = PBXGroup;
			children = (
				572495F11F8B5AEC00C58D42 /* AppDelegate.swift */,
				572495F31F8B5AEC00C58D42 /* Scene.sks */,
				572495F51F8B5AEC00C58D42 /* Scene.swift */,
				572495F71F8B5AEC00C58D42 /* ViewController.swift */,
				572495F91F8B5AEC00C58D42 /* Main.storyboard */,
				572495FC1F8B5AEC00C58D42 /* Assets.xcassets */,
				572495FE1F8B5AEC00C58D42 /* LaunchScreen.storyboard */,
				572496011F8B5AEC00C58D42 /* Info.plist */,
			);
			path = Project2a;
			sourceTree = "<group>";
		};
/* End PBXGroup section */

/* Begin PBXNativeTarget section */
		572495ED1F8B5AEC00C58D42 /* Project2a */ = {
			isa = PBXNativeTarget;
			buildConfigurationList = 572496041F8B5AEC00C58D42 /* Build configuration list for PBXNativeTarget "Project2a" */;
			buildPhases = (
				572495EA1F8B5AEC00C58D42 /* Sources */,
				572495EB1F8B5AEC00C58D42 /* Frameworks */,
				572495EC1F8B5AEC00C58D42 /* Resources */,
			);
			buildRules = (
			);
			dependencies = (
			);
			name = Project2a;
			productName = Project2a;
			productReference = 572495EE1F8B5AEC00C58D42 /* Project2a.app */;
			productType = "com.apple.product-type.application";
		};
/* End PBXNativeTarget section */

/* Begin PBXProject section */
		572495E61F8B5AEC00C58D42 /* Project object */ = {
			isa = PBXProject;
			attributes = {
				LastSwiftUpdateCheck = 0900;
				LastUpgradeCheck = 0900;
				ORGANIZATIONNAME = "victor qi";
				TargetAttributes = {
					572495ED1F8B5AEC00C58D42 = {
						CreatedOnToolsVersion = 9.0;
						ProvisioningStyle = Automatic;
					};
				};
			};
			buildConfigurationList = 572495E91F8B5AEC00C58D42 /* Build configuration list for PBXProject "Project2a" */;
			compatibilityVersion = "Xcode 8.0";
			developmentRegion = en;
			hasScannedForEncodings = 0;
			knownRegions = (
				en,
				Base,
			);
			mainGroup = 572495E51F8B5AEC00C58D42;
			productRefGroup = 572495EF1F8B5AEC00C58D42 /* Products */;
			projectDirPath = "";
			projectRoot = "";
			targets = (
				572495ED1F8B5AEC00C58D42 /* Project2a */,
			);
		};
/* End PBXProject section */

/* Begin PBXResourcesBuildPhase section */
		572495EC1F8B5AEC00C58D42 /* Resources */ = {
			isa = PBXResourcesBuildPhase;
			buildActionMask = 2147483647;
			files = (
				572495F41F8B5AEC00C58D42 /* Scene.sks in Resources */,
				572496001F8B5AEC00C58D42 /* LaunchScreen.storyboard in Resources */,
				572495FD1F8B5AEC00C58D42 /* Assets.xcassets in Resources */,
				572495FB1F8B5AEC00C58D42 /* Main.storyboard in Resources */,
			);
			runOnlyForDeploymentPostprocessing = 0;
		};
/* End PBXResourcesBuildPhase section */

/* Begin PBXSourcesBuildPhase section */
		572495EA1F8B5AEC00C58D42 /* Sources */ = {
			isa = PBXSourcesBuildPhase;
			buildActionMask = 2147483647;
			files = (
				572495F81F8B5AEC00C58D42 /* ViewController.swift in Sources */,
				572495F61F8B5AEC00C58D42 /* Scene.swift in Sources */,
				572495F21F8B5AEC00C58D42 /* AppDelegate.swift in Sources */,
			);
			runOnlyForDeploymentPostprocessing = 0;
		};
/* End PBXSourcesBuildPhase section */

/* Begin PBXVariantGroup section */
		572495F91F8B5AEC00C58D42 /* Main.storyboard */ = {
			isa = PBXVariantGroup;
			children = (
				572495FA1F8B5AEC00C58D42 /* Base */,
			);
			name = Main.storyboard;
			sourceTree = "<group>";
		};
		572495FE1F8B5AEC00C58D42 /* LaunchScreen.storyboard */ = {
			isa = PBXVariantGroup;
			children = (
				572495FF1F8B5AEC00C58D42 /* Base */,
			);
			name = LaunchScreen.storyboard;
			sourceTree = "<group>";
		};
/* End PBXVariantGroup section */

/* Begin XCBuildConfiguration section */
		572496021F8B5AEC00C58D42 /* Debug */ = {
			isa = XCBuildConfiguration;
			buildSettings = {
				ALWAYS_SEARCH_USER_PATHS = NO;
				CLANG_ANALYZER_NONNULL = YES;
				CLANG_ANALYZER_NUMBER_OBJECT_CONVERSION = YES_AGGRESSIVE;
				CLANG_CXX_LANGUAGE_STANDARD = "gnu++14";
				CLANG_CXX_LIBRARY = "libc++";
				CLANG_ENABLE_MODULES = YES;
				CLANG_ENABLE_OBJC_ARC = YES;
				CLANG_WARN_BLOCK_CAPTURE_AUTORELEASING = YES;
				CLANG_WARN_BOOL_CONVERSION = YES;
				CLANG_WARN_COMMA = YES;
				CLANG_WARN_CONSTANT_CONVERSION = YES;
				CLANG_WARN_DIRECT_OBJC_ISA_USAGE = YES_ERROR;
				CLANG_WARN_DOCUMENTATION_COMMENTS = YES;
				CLANG_WARN_EMPTY_BODY = YES;
				CLANG_WARN_ENUM_CONVERSION = YES;
				CLANG_WARN_INFINITE_RECURSION = YES;
				CLANG_WARN_INT_CONVERSION = YES;
				CLANG_WARN_NON_LITERAL_NULL_CONVERSION = YES;
				CLANG_WARN_OBJC_LITERAL_CONVERSION = YES;
				CLANG_WARN_OBJC_ROOT_CLASS = YES_ERROR;
				CLANG_WARN_RANGE_LOOP_ANALYSIS = YES;
				CLANG_WARN_STRICT_PROTOTYPES = YES;
				CLANG_WARN_SUSPICIOUS_MOVE = YES;
				CLANG_WARN_UNGUARDED_AVAILABILITY = YES_AGGRESSIVE;
				CLANG_WARN_UNREACHABLE_CODE = YES;
				CLANG_WARN__DUPLICATE_METHOD_MATCH = YES;
				CODE_SIGN_IDENTITY = "iPhone Developer";
				COPY_PHASE_STRIP = NO;
				DEBUG_INFORMATION_FORMAT = dwarf;
				ENABLE_STRICT_OBJC_MSGSEND = YES;
				ENABLE_TESTABILITY = YES;
				GCC_C_LANGUAGE_STANDARD = gnu11;
				GCC_DYNAMIC_NO_PIC = NO;
				GCC_NO_COMMON_BLOCKS = YES;
				GCC_OPTIMIZATION_LEVEL = 0;
				GCC_PREPROCESSOR_DEFINITIONS = (
					"DEBUG=1",
					"$(inherited)",
				);
				GCC_WARN_64_TO_32_BIT_CONVERSION = YES;
				GCC_WARN_ABOUT_RETURN_TYPE = YES_ERROR;
				GCC_WARN_UNDECLARED_SELECTOR = YES;
				GCC_WARN_UNINITIALIZED_AUTOS = YES_AGGRESSIVE;
				GCC_WARN_UNUSED_FUNCTION = YES;
				GCC_WARN_UNUSED_VARIABLE = YES;
				IPHONEOS_DEPLOYMENT_TARGET = 11.0;
				MTL_ENABLE_DEBUG_INFO = YES;
				ONLY_ACTIVE_ARCH = YES;
				SDKROOT = iphoneos;
				SWIFT_ACTIVE_COMPILATION_CONDITIONS = DEBUG;
				SWIFT_OPTIMIZATION_LEVEL = "-Onone";
			};
			name = Debug;
		};
		572496031F8B5AEC00C58D42 /* Release */ = {
			isa = XCBuildConfiguration;
			buildSettings = {
				ALWAYS_SEARCH_USER_PATHS = NO;
				CLANG_ANALYZER_NONNULL = YES;
				CLANG_ANALYZER_NUMBER_OBJECT_CONVERSION = YES_AGGRESSIVE;
				CLANG_CXX_LANGUAGE_STANDARD = "gnu++14";
				CLANG_CXX_LIBRARY = "libc++";
				CLANG_ENABLE_MODULES = YES;
				CLANG_ENABLE_OBJC_ARC = YES;
				CLANG_WARN_BLOCK_CAPTURE_AUTORELEASING = YES;
				CLANG_WARN_BOOL_CONVERSION = YES;
				CLANG_WARN_COMMA = YES;
				CLANG_WARN_CONSTANT_CONVERSION = YES;
				CLANG_WARN_DIRECT_OBJC_ISA_USAGE = YES_ERROR;
				CLANG_WARN_DOCUMENTATION_COMMENTS = YES;
				CLANG_WARN_EMPTY_BODY = YES;
				CLANG_WARN_ENUM_CONVERSION = YES;
				CLANG_WARN_INFINITE_RECURSION = YES;
				CLANG_WARN_INT_CONVERSION = YES;
				CLANG_WARN_NON_LITERAL_NULL_CONVERSION = YES;
				CLANG_WARN_OBJC_LITERAL_CONVERSION = YES;
				CLANG_WARN_OBJC_ROOT_CLASS = YES_ERROR;
				CLANG_WARN_RANGE_LOOP_ANALYSIS = YES;
				CLANG_WARN_STRICT_PROTOTYPES = YES;
				CLANG_WARN_SUSPICIOUS_MOVE = YES;
				CLANG_WARN_UNGUARDED_AVAILABILITY = YES_AGGRESSIVE;
				CLANG_WARN_UNREACHABLE_CODE = YES;
				CLANG_WARN__DUPLICATE_METHOD_MATCH = YES;
				CODE_SIGN_IDENTITY = "iPhone Developer";
				COPY_PHASE_STRIP = NO;
				DEBUG_INFORMATION_FORMAT = "dwarf-with-dsym";
				ENABLE_NS_ASSERTIONS = NO;
				ENABLE_STRICT_OBJC_MSGSEND = YES;
				GCC_C_LANGUAGE_STANDARD = gnu11;
				GCC_NO_COMMON_BLOCKS = YES;
				GCC_WARN_64_TO_32_BIT_CONVERSION = YES;
				GCC_WARN_ABOUT_RETURN_TYPE = YES_ERROR;
				GCC_WARN_UNDECLARED_SELECTOR = YES;
				GCC_WARN_UNINITIALIZED_AUTOS = YES_AGGRESSIVE;
				GCC_WARN_UNUSED_FUNCTION = YES;
				GCC_WARN_UNUSED_VARIABLE = YES;
				IPHONEOS_DEPLOYMENT_TARGET = 11.0;
				MTL_ENABLE_DEBUG_INFO = NO;
				SDKROOT = iphoneos;
				SWIFT_OPTIMIZATION_LEVEL = "-Owholemodule";
				VALIDATE_PRODUCT = YES;
			};
			name = Release;
		};
		572496051F8B5AEC00C58D42 /* Debug */ = {
			isa = XCBuildConfiguration;
			buildSettings = {
				ASSETCATALOG_COMPILER_APPICON_NAME = AppIcon;
				CODE_SIGN_STYLE = Automatic;
				DEVELOPMENT_TEAM = YZ2L42YQ8T;
				INFOPLIST_FILE = Project2a/Info.plist;
				LD_RUNPATH_SEARCH_PATHS = "$(inherited) @executable_path/Frameworks";
				PRODUCT_BUNDLE_IDENTIFIER = v.q.Project2a;
				PRODUCT_NAME = "$(TARGET_NAME)";
				SWIFT_VERSION = 4.0;
				TARGETED_DEVICE_FAMILY = "1,2";
			};
			name = Debug;
		};
		572496061F8B5AEC00C58D42 /* Release */ = {
			isa = XCBuildConfiguration;
			buildSettings = {
				ASSETCATALOG_COMPILER_APPICON_NAME = AppIcon;
				CODE_SIGN_STYLE = Automatic;
				DEVELOPMENT_TEAM = YZ2L42YQ8T;
				INFOPLIST_FILE = Project2a/Info.plist;
				LD_RUNPATH_SEARCH_PATHS = "$(inherited) @executable_path/Frameworks";
				PRODUCT_BUNDLE_IDENTIFIER = v.q.Project2a;
				PRODUCT_NAME = "$(TARGET_NAME)";
				SWIFT_VERSION = 4.0;
				TARGETED_DEVICE_FAMILY = "1,2";
			};
			name = Release;
		};
/* End XCBuildConfiguration section */

/* Begin XCConfigurationList section */
		572495E91F8B5AEC00C58D42 /* Build configuration list for PBXProject "Project2a" */ = {
			isa = XCConfigurationList;
			buildConfigurations = (
				572496021F8B5AEC00C58D42 /* Debug */,
				572496031F8B5AEC00C58D42 /* Release */,
			);
			defaultConfigurationIsVisible = 0;
			defaultConfigurationName = Release;
		};
		572496041F8B5AEC00C58D42 /* Build configuration list for PBXNativeTarget "Project2a" */ = {
			isa = XCConfigurationList;
			buildConfigurations = (
				572496051F8B5AEC00C58D42 /* Debug */,
				572496061F8B5AEC00C58D42 /* Release */,
			);
			defaultConfigurationIsVisible = 0;
			defaultConfigurationName = Release;
		};
/* End XCConfigurationList section */
	};
	rootObject = 572495E61F8B5AEC00C58D42 /* Project object */;
}
